
Microsoft Visual Studio Solution File, Format Version 12.00
# Visual Studio Version 16
VisualStudioVersion = 16.0.31729.503
MinimumVisualStudioVersion = 10.0.40219.1
Project("{8BC9CEB8-8B4A-11D0-8D11-00A0C91BC942}") = "BinarySearch", "BinarySearch\BinarySearch.vcxproj", "{D12BF28C-20E3-4B64-922D-32524D7CE7A5}"
EndProject
Project("{8BC9CEB8-8B4A-11D0-8D11-00A0C91BC942}") = "bubbleSort", "bubbleSort\bubbleSort.vcxproj", "{FDDB9D6E-73EE-48E5-ABB1-2FB8122416BD}"
EndProject
Project("{8BC9CEB8-8B4A-11D0-8D11-00A0C91BC942}") = "strlen", "strlen\strlen.vcxproj", "{7E940C41-F89E-489F-A1FB-48EA4EFAB831}"
EndProject
>>>>>>>>> Temporary merge branch 2
Global
	GlobalSection(SolutionConfigurationPlatforms) = preSolution
		Debug|x64 = Debug|x64
		Debug|x86 = Debug|x86
		Release|x64 = Release|x64
		Release|x86 = Release|x86
	EndGlobalSection
	GlobalSection(ProjectConfigurationPlatforms) = postSolution
		{D12BF28C-20E3-4B64-922D-32524D7CE7A5}.Debug|x64.ActiveCfg = Debug|x64
		{D12BF28C-20E3-4B64-922D-32524D7CE7A5}.Debug|x64.Build.0 = Debug|x64
		{D12BF28C-20E3-4B64-922D-32524D7CE7A5}.Debug|x86.ActiveCfg = Debug|Win32
		{D12BF28C-20E3-4B64-922D-32524D7CE7A5}.Debug|x86.Build.0 = Debug|Win32
		{D12BF28C-20E3-4B64-922D-32524D7CE7A5}.Release|x64.ActiveCfg = Release|x64
		{D12BF28C-20E3-4B64-922D-32524D7CE7A5}.Release|x64.Build.0 = Release|x64
		{D12BF28C-20E3-4B64-922D-32524D7CE7A5}.Release|x86.ActiveCfg = Release|Win32
		{D12BF28C-20E3-4B64-922D-32524D7CE7A5}.Release|x86.Build.0 = Release|Win32
		{FDDB9D6E-73EE-48E5-ABB1-2FB8122416BD}.Debug|x64.ActiveCfg = Debug|x64
		{FDDB9D6E-73EE-48E5-ABB1-2FB8122416BD}.Debug|x64.Build.0 = Debug|x64
		{FDDB9D6E-73EE-48E5-ABB1-2FB8122416BD}.Debug|x86.ActiveCfg = Debug|Win32
		{FDDB9D6E-73EE-48E5-ABB1-2FB8122416BD}.Debug|x86.Build.0 = Debug|Win32
		{FDDB9D6E-73EE-48E5-ABB1-2FB8122416BD}.Release|x64.ActiveCfg = Release|x64
		{FDDB9D6E-73EE-48E5-ABB1-2FB8122416BD}.Release|x64.Build.0 = Release|x64
		{FDDB9D6E-73EE-48E5-ABB1-2FB8122416BD}.Release|x86.ActiveCfg = Release|Win32
		{FDDB9D6E-73EE-48E5-ABB1-2FB8122416BD}.Release|x86.Build.0 = Release|Win32
		{7E940C41-F89E-489F-A1FB-48EA4EFAB831}.Debug|x64.ActiveCfg = Debug|x64
		{7E940C41-F89E-489F-A1FB-48EA4EFAB831}.Debug|x64.Build.0 = Debug|x64
		{7E940C41-F89E-489F-A1FB-48EA4EFAB831}.Debug|x86.ActiveCfg = Debug|Win32
		{7E940C41-F89E-489F-A1FB-48EA4EFAB831}.Debug|x86.Build.0 = Debug|Win32
		{7E940C41-F89E-489F-A1FB-48EA4EFAB831}.Release|x64.ActiveCfg = Release|x64
		{7E940C41-F89E-489F-A1FB-48EA4EFAB831}.Release|x64.Build.0 = Release|x64
		{7E940C41-F89E-489F-A1FB-48EA4EFAB831}.Release|x86.ActiveCfg = Release|Win32
		{7E940C41-F89E-489F-A1FB-48EA4EFAB831}.Release|x86.Build.0 = Release|Win32
>>>>>>>>> Temporary merge branch 2
	EndGlobalSection
	GlobalSection(SolutionProperties) = preSolution
		HideSolutionNode = FALSE
	EndGlobalSection
	GlobalSection(ExtensibilityGlobals) = postSolution
		SolutionGuid = {C9E01D75-4E3D-4EE9-91AF-43162B7E82C5}
	EndGlobalSection
EndGlobal
